schema: '2.0'
stages:
  download:
    cmd: python src/download.py --output data/raw
    deps:
    - path: src/download.py
      hash: md5
      md5: f3c2b4e11e59408862f2b68153805e13
      size: 5437
    params:
      params.yaml:
        download.after: '2024-01-01'
        download.before: '2026-01-01'
        download.forms:
        - 10-K
        download.ticker: AAPL
    outs:
    - path: data/raw
      hash: md5
      md5: 9f9f4e754120a177f3fd21d3b586085b.dir
      size: 37348782
      nfiles: 181
  render:
    cmd: python src/render.py --input data/raw --output data/rendered
    deps:
    - path: data/raw
      hash: md5
      md5: 9f9f4e754120a177f3fd21d3b586085b.dir
      size: 37348782
      nfiles: 181
    - path: src/render.py
      hash: md5
      md5: 9ab0217f285a880ef91c9e8953f62919
      size: 7592
    params:
      params.yaml:
        download.ticker: AAPL
        render.page_format: Letter
    outs:
    - path: data/rendered
      hash: md5
      md5: aeecdd5e3b8417e02d7a02b5615fa96f.dir
      size: 1106429
      nfiles: 3
  parse_pdfplumber:
    cmd: python src/parse_text.py --input data/rendered --output data/parsed
    deps:
    - path: data/rendered
      hash: md5
      md5: aeecdd5e3b8417e02d7a02b5615fa96f.dir
      size: 1106429
      nfiles: 3
    - path: src/parse_text.py
      hash: md5
      md5: 241a0c2f4e235f1f2187eb8de6e7814b
      size: 10662
    params:
      params.yaml:
        ocr:
          min_chars: 50
          junk_ratio: 0.3
          dpi: 300
          image_coverage: 0.6
          tesseract_config: --oem 1 --psm 6
        text:
          x_tolerance: 1.5
          y_tolerance: 3
    outs:
    - path: data/parsed
      hash: md5
      md5: 8052a8d2e8f4f4c7a18bf2f900b00525.dir
      size: 14171753
      nfiles: 124
  tables:
    cmd: python src/tables.py --input data/rendered --output data/tables
    deps:
    - path: data/rendered
      hash: md5
      md5: aeecdd5e3b8417e02d7a02b5615fa96f.dir
      size: 1106429
      nfiles: 3
    - path: src/tables.py
      hash: md5
      md5: 17a13a09cd299b5d9b958c1445bb3803
      size: 21383
    params:
      params.yaml:
        tables:
          min_rulings: 6
          accept_score: 80
          statements:
            income:
            - CONSOLIDATED STATEMENTS OF OPERATIONS
            comprehensive_income:
            - CONSOLIDATED STATEMENTS OF COMPREHENSIVE INCOME
            balance:
            - CONSOLIDATED BALANCE SHEETS
            equity:
            - CONSOLIDATED STATEMENTS OF SHAREHOLDERS
            cash_flows:
            - CONSOLIDATED STATEMENTS OF CASH FLOWS
          title_top_lines: 6
          min_numeric_tokens: 20
          title_max_extra_chars: 15
          rule_min_len_pt: 100
          order_ruled:
          - lattice
          - network
          - stream
          order_borderless:
          - stream
          - network
          - lattice
          whitespace_weight: 0.5
          min_rows: 5
          min_cols: 3
          min_coverage: 0.5
          max_label_merge: 0.2
          bakeoff_flavors:
          - lattice
          - stream
          - network
          - hybrid
          run_bakeoff: true
          scale_words:
            thousands: 1000
            millions: 1000000
            billions: 1000000000
          shares_pattern: shares used|weighted.average.*shares|number of shares
          per_share_pattern: per share|per-share
    outs:
    - path: data/tables
      hash: md5
      md5: 97bd0b285c54dc5e3fff61c9c742c97a.dir
      size: 40732
      nfiles: 22
  parse_docling:
    cmd: python -m src.docling_parse --input data/rendered --output data/docling
      --raw data/raw
    deps:
    - path: data/raw
      hash: md5
      md5: 9f9f4e754120a177f3fd21d3b586085b.dir
      size: 37348782
      nfiles: 181
    - path: data/rendered
      hash: md5
      md5: aeecdd5e3b8417e02d7a02b5615fa96f.dir
      size: 1106429
      nfiles: 3
    - path: src/docling_parse.py
      hash: md5
      md5: ddf94b187775cb3a1b774f7ca69480a4
      size: 11474
    params:
      params.yaml:
        docling:
          do_ocr: false
          table_mode: accurate
          html_stem: AAPL_10K_20240928
    outs:
    - path: data/docling
      hash: md5
      md5: 0a9f1afa0932dd8597e0c0f8b00ff3af.dir
      size: 18757654
      nfiles: 294
